
Microsoft Visual Studio Solution File, Format Version 12.00
# Visual Studio Version 17
VisualStudioVersion = 17.5.002.0
MinimumVisualStudioVersion = 10.0.40219.1
Project("{9A19103F-16F7-4668-BE54-9A1E7A4F7556}") = "mabLib", "mabLib.csproj", "{2E68C938-52F8-4261-9FAA-6790BAE60628}"
EndProject
Global
	GlobalSection(SolutionConfigurationPlatforms) = preSolution
		Debug|Any CPU = Debug|Any CPU
		Release|Any CPU = Release|Any CPU
	EndGlobalSection
	GlobalSection(ProjectConfigurationPlatforms) = postSolution
		{2E68C938-52F8-4261-9FAA-6790BAE60628}.Debug|Any CPU.ActiveCfg = Debug|Any CPU
		{2E68C938-52F8-4261-9FAA-6790BAE60628}.Debug|Any CPU.Build.0 = Debug|Any CPU
		{2E68C938-52F8-4261-9FAA-6790BAE60628}.Release|Any CPU.ActiveCfg = Release|Any CPU
		{2E68C938-52F8-4261-9FAA-6790BAE60628}.Release|Any CPU.Build.0 = Release|Any CPU
	EndGlobalSection
	GlobalSection(SolutionProperties) = preSolution
		HideSolutionNode = FALSE
	EndGlobalSection
	GlobalSection(ExtensibilityGlobals) = postSolution
		SolutionGuid = {E864D25E-D1CA-4DA7-9B78-38214D89A067}
	EndGlobalSection
EndGlobal
